<?xml version="1.0" encoding="utf-8"?>
<Project ToolsVersion="4.0" xmlns="http://schemas.microsoft.com/developer/msbuild/2003">
  <ItemGroup>
    <Filter Include="Файлы исходного кода">
      <UniqueIdentifier>{4FC737F1-C7A5-4376-A066-2A32D752A2FF}</UniqueIdentifier>
      <Extensions>cpp;c;cc;cxx;def;odl;idl;hpj;bat;asm;asmx</Extensions>
    </Filter>
    <Filter Include="Заголовочные файлы">
      <UniqueIdentifier>{93995380-89BD-4b04-88EB-625FBE52EBFB}</UniqueIdentifier>
      <Extensions>h;hpp;hxx;hm;inl;inc;xsd</Extensions>
    </Filter>
    <Filter Include="Файлы ресурсов">
      <UniqueIdentifier>{67DA6AB6-F800-4c08-8B7A-83BB121AAD01}</UniqueIdentifier>
      <Extensions>rc;ico;cur;bmp;dlg;rc2;rct;bin;rgs;gif;jpg;jpeg;jpe;resx;tiff;tif;png;wav;mfcribbon-ms</Extensions>
    </Filter>
    <Filter Include="Заголовочные файлы\Position">
      <UniqueIdentifier>{78ec9e65-8a0d-4fa3-8276-9150136330bd}</UniqueIdentifier>
    </Filter>
    <Filter Include="Заголовочные файлы\Book">
      <UniqueIdentifier>{85b58d2d-a04c-46b4-8b0b-c0fdbfc83915}</UniqueIdentifier>
    </Filter>
    <Filter Include="Заголовочные файлы\PositionCollection">
      <UniqueIdentifier>{dcf6eda4-27fc-494b-b3b2-84029f232979}</UniqueIdentifier>
    </Filter>
    <Filter Include="Заголовочные файлы\Settings">
      <UniqueIdentifier>{796e9f85-7728-455f-a6f8-6e70833cb47d}</UniqueIdentifier>
    </Filter>
    <Filter Include="Заголовочные файлы\Views">
      <UniqueIdentifier>{fc41fc03-ca75-43b3-a322-485f10175105}</UniqueIdentifier>
    </Filter>
    <Filter Include="Заголовочные файлы\Exceptions">
      <UniqueIdentifier>{f10ff285-038b-4807-8540-e70291e2ae68}</UniqueIdentifier>
    </Filter>
  </ItemGroup>
  <ItemGroup>
    <ClCompile Include="MainForm.cpp">
      <Filter>Файлы исходного кода</Filter>
    </ClCompile>
    <ClCompile Include="ODBCclass.h">
      <Filter>Заголовочные файлы</Filter>
    </ClCompile>
    <ClCompile Include="ManualIntegrationForm.cpp">
      <Filter>Заголовочные файлы</Filter>
    </ClCompile>
    <ClCompile Include="SettingsForm.cpp">
      <Filter>Заголовочные файлы\Views</Filter>
    </ClCompile>
    <ClCompile Include="LoginForm.cpp">
      <Filter>Заголовочные файлы\Views</Filter>
    </ClCompile>
    <ClCompile Include="EditForm.cpp">
      <Filter>Заголовочные файлы\Views</Filter>
    </ClCompile>
    <ClCompile Include="Results.cpp">
      <Filter>Заголовочные файлы\Views</Filter>
    </ClCompile>
    <ClCompile Include="DifferencesForm.cpp">
      <Filter>Заголовочные файлы\Views</Filter>
    </ClCompile>
    <ClCompile Include="Results2.cpp">
      <Filter>Заголовочные файлы\Views</Filter>
    </ClCompile>
    <ClCompile Include="AddNewTableForm.cpp">
      <Filter>Заголовочные файлы\Views</Filter>
    </ClCompile>
    <ClCompile Include="AddSemAttrForm.cpp">
      <Filter>Заголовочные файлы\Views</Filter>
    </ClCompile>
    <ClCompile Include="AddEditSystemBookForm.cpp">
      <Filter>Заголовочные файлы\Views</Filter>
    </ClCompile>
    <ClCompile Include="DbFiltersForm.cpp">
      <Filter>Заголовочные файлы\Views</Filter>
    </ClCompile>
    <ClCompile Include="TableLinksForm.cpp">
      <Filter>Заголовочные файлы\Views</Filter>
    </ClCompile>
    <ClCompile Include="AddDbAttrsForm.cpp">
      <Filter>Заголовочные файлы\Views</Filter>
    </ClCompile>
    <ClCompile Include="GroupParamsForm.cpp">
      <Filter>Заголовочные файлы\Views</Filter>
    </ClCompile>
    <ClCompile Include="AddEditSchemaForm2.cpp">
      <Filter>Заголовочные файлы\Views</Filter>
    </ClCompile>
    <ClCompile Include="AddGroupLinksForm.cpp">
      <Filter>Заголовочные файлы\Views</Filter>
    </ClCompile>
    <ClCompile Include="AddEditGroupForm.cpp">
      <Filter>Заголовочные файлы\Views</Filter>
    </ClCompile>
    <ClCompile Include="AddEditUserRole.cpp">
      <Filter>Заголовочные файлы\Views</Filter>
    </ClCompile>
    <ClCompile Include="AddNewUser.cpp">
      <Filter>Заголовочные файлы\Views</Filter>
    </ClCompile>
    <ClCompile Include="AutoSettingsForm.cpp">
      <Filter>Заголовочные файлы\Views</Filter>
    </ClCompile>
    <ClCompile Include="AutoConfigsForm.cpp">
      <Filter>Заголовочные файлы\Views</Filter>
    </ClCompile>
    <ClCompile Include="NoticesForm.cpp">
      <Filter>Заголовочные файлы\Views</Filter>
    </ClCompile>
    <ClCompile Include="JournalChangesForm.cpp">
      <Filter>Заголовочные файлы\Views</Filter>
    </ClCompile>
    <ClCompile Include="RoughInterg.cpp">
      <Filter>Заголовочные файлы\Views</Filter>
    </ClCompile>
    <ClCompile Include="ManualIntegrationForm1.cpp">
      <Filter>Заголовочные файлы\Views</Filter>
    </ClCompile>
    <ClCompile Include="Results3.cpp">
      <Filter>Заголовочные файлы\Views</Filter>
    </ClCompile>
    <ClCompile Include="NormIntegrForm.cpp">
      <Filter>Заголовочные файлы\Views</Filter>
    </ClCompile>
    <ClCompile Include="AddComplexAttrForm.cpp">
      <Filter>Заголовочные файлы\Views</Filter>
    </ClCompile>
    <ClCompile Include="IntgrResultsForm.cpp">
      <Filter>Заголовочные файлы\Views</Filter>
    </ClCompile>
    <ClCompile Include="DetailResults.cpp">
      <Filter>Заголовочные файлы\Views</Filter>
    </ClCompile>
    <ClCompile Include="GroupTableAttrs.h">
      <Filter>Заголовочные файлы</Filter>
    </ClCompile>
    <ClCompile Include="PosGroupParamsForm.cpp">
      <Filter>Заголовочные файлы\Views</Filter>
    </ClCompile>
    <ClCompile Include="UserBookAccessForm.cpp">
      <Filter>Заголовочные файлы\Views</Filter>
    </ClCompile>
    <ClCompile Include="SearchForm.cpp">
      <Filter>Заголовочные файлы\Views</Filter>
    </ClCompile>
  </ItemGroup>
  <ItemGroup>
    <ClInclude Include="MainForm.h">
      <Filter>Заголовочные файлы</Filter>
    </ClInclude>
    <ClInclude Include="Logger.h">
      <Filter>Заголовочные файлы</Filter>
    </ClInclude>
    <ClInclude Include="NetCopy.h">
      <Filter>Заголовочные файлы</Filter>
    </ClInclude>
    <ClInclude Include="Integration.h">
      <Filter>Заголовочные файлы</Filter>
    </ClInclude>
    <ClInclude Include="Attribute.h">
      <Filter>Заголовочные файлы</Filter>
    </ClInclude>
    <ClInclude Include="ManualIntegrationForm.h">
      <Filter>Заголовочные файлы</Filter>
    </ClInclude>
    <ClInclude Include="PositionCollection.h">
      <Filter>Заголовочные файлы\PositionCollection</Filter>
    </ClInclude>
    <ClInclude Include="SemanticPositionCollection.h">
      <Filter>Заголовочные файлы\PositionCollection</Filter>
    </ClInclude>
    <ClInclude Include="SemanticPosition.h">
      <Filter>Заголовочные файлы\Position</Filter>
    </ClInclude>
    <ClInclude Include="Position.h">
      <Filter>Заголовочные файлы\Position</Filter>
    </ClInclude>
    <ClInclude Include="SemanticBook.h">
      <Filter>Заголовочные файлы\Book</Filter>
    </ClInclude>
    <ClInclude Include="BookSettings.h">
      <Filter>Заголовочные файлы\Settings</Filter>
    </ClInclude>
    <ClInclude Include="IntegrationSettings.h">
      <Filter>Заголовочные файлы\Settings</Filter>
    </ClInclude>
    <ClInclude Include="SystemSettings.h">
      <Filter>Заголовочные файлы\Settings</Filter>
    </ClInclude>
    <ClInclude Include="SettingsFile.h">
      <Filter>Заголовочные файлы\Settings</Filter>
    </ClInclude>
    <ClInclude Include="Book.h">
      <Filter>Заголовочные файлы\Book</Filter>
    </ClInclude>
    <ClInclude Include="SettingsForm.h">
      <Filter>Заголовочные файлы\Views</Filter>
    </ClInclude>
    <ClInclude Include="Settings.h">
      <Filter>Заголовочные файлы\Settings</Filter>
    </ClInclude>
    <ClInclude Include="LoginForm.h">
      <Filter>Заголовочные файлы\Views</Filter>
    </ClInclude>
    <ClInclude Include="EditForm.h">
      <Filter>Заголовочные файлы\Views</Filter>
    </ClInclude>
    <ClInclude Include="ProgramIntegration.h">
      <Filter>Заголовочные файлы</Filter>
    </ClInclude>
    <ClInclude Include="StringFunctions.h">
      <Filter>Заголовочные файлы</Filter>
    </ClInclude>
    <ClInclude Include="DbBook.h">
      <Filter>Заголовочные файлы\Book</Filter>
    </ClInclude>
    <ClInclude Include="DbPosition.h">
      <Filter>Заголовочные файлы\Position</Filter>
    </ClInclude>
    <ClInclude Include="Results.h">
      <Filter>Заголовочные файлы\Views</Filter>
    </ClInclude>
    <ClInclude Include="DiffererncePosition.h">
      <Filter>Заголовочные файлы\Position</Filter>
    </ClInclude>
    <ClInclude Include="DifferencesForm.h">
      <Filter>Заголовочные файлы\Views</Filter>
    </ClInclude>
    <ClInclude Include="Results2.h">
      <Filter>Заголовочные файлы\Views</Filter>
    </ClInclude>
    <ClInclude Include="AddNewTableForm.h">
      <Filter>Заголовочные файлы\Views</Filter>
    </ClInclude>
    <ClInclude Include="AddSemAttrForm.h">
      <Filter>Заголовочные файлы\Views</Filter>
    </ClInclude>
    <ClInclude Include="User.h">
      <Filter>Заголовочные файлы</Filter>
    </ClInclude>
    <ClInclude Include="RoleStation.h">
      <Filter>Заголовочные файлы</Filter>
    </ClInclude>
    <ClInclude Include="AddEditSystemBookForm.h">
      <Filter>Заголовочные файлы\Views</Filter>
    </ClInclude>
    <ClInclude Include="WrongPassSemanticException.h">
      <Filter>Заголовочные файлы\Exceptions</Filter>
    </ClInclude>
    <ClInclude Include="Semantic.h">
      <Filter>Заголовочные файлы</Filter>
    </ClInclude>
    <ClInclude Include="DbFiltersForm.h">
      <Filter>Заголовочные файлы\Views</Filter>
    </ClInclude>
    <ClInclude Include="TableLinksForm.h">
      <Filter>Заголовочные файлы\Views</Filter>
    </ClInclude>
    <ClInclude Include="AddDbAttrsForm.h">
      <Filter>Заголовочные файлы\Views</Filter>
    </ClInclude>
    <ClInclude Include="GroupParamsForm.h">
      <Filter>Заголовочные файлы\Views</Filter>
    </ClInclude>
    <ClInclude Include="AddEditSchemaForm2.h">
      <Filter>Заголовочные файлы\Views</Filter>
    </ClInclude>
    <ClInclude Include="AddGroupLinksForm.h">
      <Filter>Заголовочные файлы\Views</Filter>
    </ClInclude>
    <ClInclude Include="AddEditGroupForm.h">
      <Filter>Заголовочные файлы\Views</Filter>
    </ClInclude>
    <ClInclude Include="AddEditUserRole.h">
      <Filter>Заголовочные файлы\Views</Filter>
    </ClInclude>
    <ClInclude Include="AddNewUser.h">
      <Filter>Заголовочные файлы\Views</Filter>
    </ClInclude>
    <ClInclude Include="AutoSettingsForm.h">
      <Filter>Заголовочные файлы\Views</Filter>
    </ClInclude>
    <ClInclude Include="AutoConfigsForm.h">
      <Filter>Заголовочные файлы\Views</Filter>
    </ClInclude>
    <ClInclude Include="NoticesForm.h">
      <Filter>Заголовочные файлы\Views</Filter>
    </ClInclude>
    <ClInclude Include="JournalChangesForm.h">
      <Filter>Заголовочные файлы\Views</Filter>
    </ClInclude>
    <ClInclude Include="RoughInterg.h">
      <Filter>Заголовочные файлы\Views</Filter>
    </ClInclude>
    <ClInclude Include="ManualIntegrationForm1.h">
      <Filter>Заголовочные файлы\Views</Filter>
    </ClInclude>
    <ClInclude Include="Results3.h">
      <Filter>Заголовочные файлы\Views</Filter>
    </ClInclude>
    <ClInclude Include="NormIntegrForm.h">
      <Filter>Заголовочные файлы\Views</Filter>
    </ClInclude>
    <ClInclude Include="ExcelClass.h">
      <Filter>Заголовочные файлы</Filter>
    </ClInclude>
    <ClInclude Include="ComplexAttribute.h">
      <Filter>Заголовочные файлы</Filter>
    </ClInclude>
    <ClInclude Include="ComposeAttr.h">
      <Filter>Заголовочные файлы</Filter>
    </ClInclude>
    <ClInclude Include="AddComplexAttrForm.h">
      <Filter>Заголовочные файлы\Views</Filter>
    </ClInclude>
    <ClInclude Include="DbLink.h">
      <Filter>Заголовочные файлы</Filter>
    </ClInclude>
    <ClInclude Include="IntegrationResult.h">
      <Filter>Заголовочные файлы</Filter>
    </ClInclude>
    <ClInclude Include="IntgrResultsForm.h">
      <Filter>Заголовочные файлы\Views</Filter>
    </ClInclude>
    <ClInclude Include="DetailResults.h">
      <Filter>Заголовочные файлы\Views</Filter>
    </ClInclude>
    <ClInclude Include="Editting.h">
      <Filter>Заголовочные файлы</Filter>
    </ClInclude>
    <ClInclude Include="GroupTablePair.h">
      <Filter>Заголовочные файлы</Filter>
    </ClInclude>
    <ClInclude Include="IntegrationGroupPair.h">
      <Filter>Заголовочные файлы</Filter>
    </ClInclude>
    <ClInclude Include="PosGroupParamsForm.h">
      <Filter>Заголовочные файлы\Views</Filter>
    </ClInclude>
    <ClInclude Include="PosGroupParams.h">
      <Filter>Заголовочные файлы</Filter>
    </ClInclude>
    <ClInclude Include="GroupParam.h">
      <Filter>Заголовочные файлы</Filter>
    </ClInclude>
    <ClInclude Include="UserBookAccessForm.h">
      <Filter>Заголовочные файлы\Views</Filter>
    </ClInclude>
    <ClInclude Include="DbFilter.h">
      <Filter>Заголовочные файлы</Filter>
    </ClInclude>
    <ClInclude Include="Notice.h">
      <Filter>Заголовочные файлы</Filter>
    </ClInclude>
    <ClInclude Include="AttributePair.h">
      <Filter>Заголовочные файлы</Filter>
    </ClInclude>
    <ClInclude Include="Role.h">
      <Filter>Заголовочные файлы</Filter>
    </ClInclude>
    <ClInclude Include="SearchForm.h">
      <Filter>Заголовочные файлы\Views</Filter>
    </ClInclude>
    <ClInclude Include="GroupingAttr.h">
      <Filter>Заголовочные файлы</Filter>
    </ClInclude>
    <ClInclude Include="AutoIntegrationManager.h">
      <Filter>Заголовочные файлы</Filter>
    </ClInclude>
    <ClInclude Include="AutoIntegration.h">
      <Filter>Заголовочные файлы</Filter>
    </ClInclude>
    <ClInclude Include="AutoIntegrationTemplate.h">
      <Filter>Заголовочные файлы</Filter>
    </ClInclude>
    <ClInclude Include="TestExeIntegration.h">
      <Filter>Заголовочные файлы</Filter>
    </ClInclude>
  </ItemGroup>
  <ItemGroup>
    <EmbeddedResource Include="MainForm.resx">
      <Filter>Файлы ресурсов</Filter>
    </EmbeddedResource>
    <EmbeddedResource Include="ManualIntegrationForm.resx">
      <Filter>Файлы ресурсов</Filter>
    </EmbeddedResource>
    <EmbeddedResource Include="LoginForm.resx">
      <Filter>Файлы ресурсов</Filter>
    </EmbeddedResource>
    <EmbeddedResource Include="SettingsForm.resx">
      <Filter>Файлы ресурсов</Filter>
    </EmbeddedResource>
    <EmbeddedResource Include="EditForm.resx">
      <Filter>Файлы ресурсов</Filter>
    </EmbeddedResource>
    <EmbeddedResource Include="DifferencesForm.resx">
      <Filter>Файлы ресурсов</Filter>
    </EmbeddedResource>
    <EmbeddedResource Include="Results.resx">
      <Filter>Файлы ресурсов</Filter>
    </EmbeddedResource>
    <EmbeddedResource Include="Results2.resx">
      <Filter>Файлы ресурсов</Filter>
    </EmbeddedResource>
    <EmbeddedResource Include="AddNewTableForm.resx">
      <Filter>Файлы ресурсов</Filter>
    </EmbeddedResource>
    <EmbeddedResource Include="AddSemAttrForm.resx">
      <Filter>Файлы ресурсов</Filter>
    </EmbeddedResource>
    <EmbeddedResource Include="AddEditSystemBookForm.resx">
      <Filter>Файлы ресурсов</Filter>
    </EmbeddedResource>
    <EmbeddedResource Include="DbFiltersForm.resx">
      <Filter>Файлы ресурсов</Filter>
    </EmbeddedResource>
    <EmbeddedResource Include="AddDbAttrsForm.resx">
      <Filter>Файлы ресурсов</Filter>
    </EmbeddedResource>
    <EmbeddedResource Include="TableLinksForm.resx">
      <Filter>Файлы ресурсов</Filter>
    </EmbeddedResource>
    <EmbeddedResource Include="GroupParamsForm.resx">
      <Filter>Файлы ресурсов</Filter>
    </EmbeddedResource>
    <EmbeddedResource Include="AddEditGroupForm.resx">
      <Filter>Файлы ресурсов</Filter>
    </EmbeddedResource>
    <EmbeddedResource Include="AddEditSchemaForm2.resx">
      <Filter>Файлы ресурсов</Filter>
    </EmbeddedResource>
    <EmbeddedResource Include="AddGroupLinksForm.resx">
      <Filter>Файлы ресурсов</Filter>
    </EmbeddedResource>
    <EmbeddedResource Include="AutoSettingsForm.resx">
      <Filter>Файлы ресурсов</Filter>
    </EmbeddedResource>
    <EmbeddedResource Include="AddEditUserRole.resx">
      <Filter>Файлы ресурсов</Filter>
    </EmbeddedResource>
    <EmbeddedResource Include="AddNewUser.resx">
      <Filter>Файлы ресурсов</Filter>
    </EmbeddedResource>
    <EmbeddedResource Include="AutoConfigsForm.resx">
      <Filter>Файлы ресурсов</Filter>
    </EmbeddedResource>
    <EmbeddedResource Include="JournalChangesForm.resx">
      <Filter>Файлы ресурсов</Filter>
    </EmbeddedResource>
    <EmbeddedResource Include="NoticesForm.resx">
      <Filter>Файлы ресурсов</Filter>
    </EmbeddedResource>
    <EmbeddedResource Include="RoughInterg.resx">
      <Filter>Файлы ресурсов</Filter>
    </EmbeddedResource>
    <EmbeddedResource Include="ManualIntegrationForm1.resx">
      <Filter>Файлы ресурсов</Filter>
    </EmbeddedResource>
    <EmbeddedResource Include="Results3.resx">
      <Filter>Файлы ресурсов</Filter>
    </EmbeddedResource>
    <EmbeddedResource Include="NormIntegrForm.resx">
      <Filter>Файлы ресурсов</Filter>
    </EmbeddedResource>
    <EmbeddedResource Include="AddComplexAttrForm.resx">
      <Filter>Файлы ресурсов</Filter>
    </EmbeddedResource>
    <EmbeddedResource Include="IntgrResultsForm.resx">
      <Filter>Файлы ресурсов</Filter>
    </EmbeddedResource>
    <EmbeddedResource Include="DetailResults.resx">
      <Filter>Файлы ресурсов</Filter>
    </EmbeddedResource>
    <EmbeddedResource Include="PosGroupParamsForm.resx">
      <Filter>Файлы ресурсов</Filter>
    </EmbeddedResource>
    <EmbeddedResource Include="UserBookAccessForm.resx">
      <Filter>Файлы ресурсов</Filter>
    </EmbeddedResource>
    <EmbeddedResource Include="SearchForm.resx">
      <Filter>Файлы ресурсов</Filter>
    </EmbeddedResource>
  </ItemGroup>
</Project>